// !$*UTF8*$!
{
	archiveVersion = 1;
	classes = {
	};
	objectVersion = 50;
	objects = {

/* Begin PBXBuildFile section */
		3A0FC257242BA98E0095223D /* AppDelegate.swift in Sources */ = {isa = PBXBuildFile; fileRef = 3A0FC256242BA98E0095223D /* AppDelegate.swift */; };
		3A0FC259242BA98E0095223D /* SceneDelegate.swift in Sources */ = {isa = PBXBuildFile; fileRef = 3A0FC258242BA98E0095223D /* SceneDelegate.swift */; };
		3A0FC25B242BA98E0095223D /* ViewController.swift in Sources */ = {isa = PBXBuildFile; fileRef = 3A0FC25A242BA98E0095223D /* ViewController.swift */; };
		3A0FC25E242BA98E0095223D /* Main.storyboard in Resources */ = {isa = PBXBuildFile; fileRef = 3A0FC25C242BA98E0095223D /* Main.storyboard */; };
		3A0FC263242BA9960095223D /* LaunchScreen.storyboard in Resources */ = {isa = PBXBuildFile; fileRef = 3A0FC261242BA9960095223D /* LaunchScreen.storyboard */; };
		3A0FC26B242BAB390095223D /* GameViewController.swift in Sources */ = {isa = PBXBuildFile; fileRef = 3A0FC26A242BAB390095223D /* GameViewController.swift */; };
		3A0FC26D242BAB630095223D /* TableViewController.swift in Sources */ = {isa = PBXBuildFile; fileRef = 3A0FC26C242BAB630095223D /* TableViewController.swift */; };
		3A0FC26F242BAB900095223D /* SettingsViewController.swift in Sources */ = {isa = PBXBuildFile; fileRef = 3A0FC26E242BAB900095223D /* SettingsViewController.swift */; };
		3A2A3DAB243E735E00BF9173 /* Settings.swift in Sources */ = {isa = PBXBuildFile; fileRef = 3A2A3DAA243E735E00BF9173 /* Settings.swift */; };
		3A2A3DAD243E73D400BF9173 /* SettingsManager.swift in Sources */ = {isa = PBXBuildFile; fileRef = 3A2A3DAC243E73D400BF9173 /* SettingsManager.swift */; };
		3A49ED71243D078200BE4967 /* Assets.xcassets in Resources */ = {isa = PBXBuildFile; fileRef = 3A49ED70243D078200BE4967 /* Assets.xcassets */; };
		3A75F01F24604F7600DD16F5 /* CustomTableViewCell.swift in Sources */ = {isa = PBXBuildFile; fileRef = 3A75F01E24604F7600DD16F5 /* CustomTableViewCell.swift */; };
		3A75F0212460571200DD16F5 /* Extensions.swift in Sources */ = {isa = PBXBuildFile; fileRef = 3A75F0202460571200DD16F5 /* Extensions.swift */; };
		3AC094072456F1F900F3A5A9 /* Record.swift in Sources */ = {isa = PBXBuildFile; fileRef = 3AC094062456F1F900F3A5A9 /* Record.swift */; };
		3AC094092456F20D00F3A5A9 /* RecordManager.swift in Sources */ = {isa = PBXBuildFile; fileRef = 3AC094082456F20D00F3A5A9 /* RecordManager.swift */; };
/* End PBXBuildFile section */

/* Begin PBXFileReference section */
		3A0FC253242BA98E0095223D /* RaceApp.app */ = {isa = PBXFileReference; explicitFileType = wrapper.application; includeInIndex = 0; path = RaceApp.app; sourceTree = BUILT_PRODUCTS_DIR; };
		3A0FC256242BA98E0095223D /* AppDelegate.swift */ = {isa = PBXFileReference; lastKnownFileType = sourcecode.swift; path = AppDelegate.swift; sourceTree = "<group>"; };
		3A0FC258242BA98E0095223D /* SceneDelegate.swift */ = {isa = PBXFileReference; lastKnownFileType = sourcecode.swift; path = SceneDelegate.swift; sourceTree = "<group>"; };
		3A0FC25A242BA98E0095223D /* ViewController.swift */ = {isa = PBXFileReference; lastKnownFileType = sourcecode.swift; path = ViewController.swift; sourceTree = "<group>"; };
		3A0FC25D242BA98E0095223D /* Base */ = {isa = PBXFileReference; lastKnownFileType = file.storyboard; name = Base; path = Base.lproj/Main.storyboard; sourceTree = "<group>"; };
		3A0FC262242BA9960095223D /* Base */ = {isa = PBXFileReference; lastKnownFileType = file.storyboard; name = Base; path = Base.lproj/LaunchScreen.storyboard; sourceTree = "<group>"; };
		3A0FC264242BA9960095223D /* Info.plist */ = {isa = PBXFileReference; lastKnownFileType = text.plist.xml; path = Info.plist; sourceTree = "<group>"; };
		3A0FC26A242BAB390095223D /* GameViewController.swift */ = {isa = PBXFileReference; lastKnownFileType = sourcecode.swift; path = GameViewController.swift; sourceTree = "<group>"; };
		3A0FC26C242BAB630095223D /* TableViewController.swift */ = {isa = PBXFileReference; lastKnownFileType = sourcecode.swift; path = TableViewController.swift; sourceTree = "<group>"; };
		3A0FC26E242BAB900095223D /* SettingsViewController.swift */ = {isa = PBXFileReference; lastKnownFileType = sourcecode.swift; path = SettingsViewController.swift; sourceTree = "<group>"; };
		3A2A3DAA243E735E00BF9173 /* Settings.swift */ = {isa = PBXFileReference; lastKnownFileType = sourcecode.swift; path = Settings.swift; sourceTree = "<group>"; };
		3A2A3DAC243E73D400BF9173 /* SettingsManager.swift */ = {isa = PBXFileReference; lastKnownFileType = sourcecode.swift; path = SettingsManager.swift; sourceTree = "<group>"; };
		3A49ED70243D078200BE4967 /* Assets.xcassets */ = {isa = PBXFileReference; lastKnownFileType = folder.assetcatalog; path = Assets.xcassets; sourceTree = "<group>"; };
		3A75F01E24604F7600DD16F5 /* CustomTableViewCell.swift */ = {isa = PBXFileReference; lastKnownFileType = sourcecode.swift; path = CustomTableViewCell.swift; sourceTree = "<group>"; };
		3A75F0202460571200DD16F5 /* Extensions.swift */ = {isa = PBXFileReference; lastKnownFileType = sourcecode.swift; path = Extensions.swift; sourceTree = "<group>"; };
		3AC094062456F1F900F3A5A9 /* Record.swift */ = {isa = PBXFileReference; lastKnownFileType = sourcecode.swift; path = Record.swift; sourceTree = "<group>"; };
		3AC094082456F20D00F3A5A9 /* RecordManager.swift */ = {isa = PBXFileReference; lastKnownFileType = sourcecode.swift; path = RecordManager.swift; sourceTree = "<group>"; };
/* End PBXFileReference section */

/* Begin PBXFrameworksBuildPhase section */
		3A0FC250242BA98E0095223D /* Frameworks */ = {
			isa = PBXFrameworksBuildPhase;
			buildActionMask = 2147483647;
			files = (
			);
			runOnlyForDeploymentPostprocessing = 0;
		};
/* End PBXFrameworksBuildPhase section */

/* Begin PBXGroup section */
		3A05883424461C6D004289BE /* ViewControllerFolder */ = {
			isa = PBXGroup;
			children = (
				3A0FC25A242BA98E0095223D /* ViewController.swift */,
				3A0FC26A242BAB390095223D /* GameViewController.swift */,
				3A0FC26E242BAB900095223D /* SettingsViewController.swift */,
				3A0FC26C242BAB630095223D /* TableViewController.swift */,
				3A75F01E24604F7600DD16F5 /* CustomTableViewCell.swift */,
			);
			path = ViewControllerFolder;
			sourceTree = "<group>";
		};
		3A05883624463475004289BE /* Model */ = {
			isa = PBXGroup;
			children = (
				3A2A3DAA243E735E00BF9173 /* Settings.swift */,
				3AC094062456F1F900F3A5A9 /* Record.swift */,
			);
			path = Model;
			sourceTree = "<group>";
		};
		3A0588372446347C004289BE /* Manager */ = {
			isa = PBXGroup;
			children = (
				3A2A3DAC243E73D400BF9173 /* SettingsManager.swift */,
				3AC094082456F20D00F3A5A9 /* RecordManager.swift */,
			);
			path = Manager;
			sourceTree = "<group>";
		};
		3A0FC24A242BA98E0095223D = {
			isa = PBXGroup;
			children = (
				3A0FC255242BA98E0095223D /* RaceApp */,
				3A0FC254242BA98E0095223D /* Products */,
			);
			sourceTree = "<group>";
		};
		3A0FC254242BA98E0095223D /* Products */ = {
			isa = PBXGroup;
			children = (
				3A0FC253242BA98E0095223D /* RaceApp.app */,
			);
			name = Products;
			sourceTree = "<group>";
		};
		3A0FC255242BA98E0095223D /* RaceApp */ = {
			isa = PBXGroup;
			children = (
				3A05883424461C6D004289BE /* ViewControllerFolder */,
				3A05883624463475004289BE /* Model */,
				3A0588372446347C004289BE /* Manager */,
				3A0FC25C242BA98E0095223D /* Main.storyboard */,
				3A49ED70243D078200BE4967 /* Assets.xcassets */,
				3A0FC256242BA98E0095223D /* AppDelegate.swift */,
				3A0FC258242BA98E0095223D /* SceneDelegate.swift */,
				3A0FC261242BA9960095223D /* LaunchScreen.storyboard */,
				3A0FC264242BA9960095223D /* Info.plist */,
				3A75F0202460571200DD16F5 /* Extensions.swift */,
			);
			path = RaceApp;
			sourceTree = "<group>";
		};
/* End PBXGroup section */

/* Begin PBXNativeTarget section */
		3A0FC252242BA98E0095223D /* RaceApp */ = {
			isa = PBXNativeTarget;
			buildConfigurationList = 3A0FC267242BA9960095223D /* Build configuration list for PBXNativeTarget "RaceApp" */;
			buildPhases = (
				3A0FC24F242BA98E0095223D /* Sources */,
				3A0FC250242BA98E0095223D /* Frameworks */,
				3A0FC251242BA98E0095223D /* Resources */,
			);
			buildRules = (
			);
			dependencies = (
			);
			name = RaceApp;
			productName = RaceApp;
			productReference = 3A0FC253242BA98E0095223D /* RaceApp.app */;
			productType = "com.apple.product-type.application";
		};
/* End PBXNativeTarget section */

/* Begin PBXProject section */
		3A0FC24B242BA98E0095223D /* Project object */ = {
			isa = PBXProject;
			attributes = {
				LastSwiftUpdateCheck = 1130;
				LastUpgradeCheck = 1130;
				ORGANIZATIONNAME = "Anton Kulik";
				TargetAttributes = {
					3A0FC252242BA98E0095223D = {
						CreatedOnToolsVersion = 11.3.1;
					};
				};
			};
			buildConfigurationList = 3A0FC24E242BA98E0095223D /* Build configuration list for PBXProject "RaceApp" */;
			compatibilityVersion = "Xcode 9.3";
			developmentRegion = en;
			hasScannedForEncodings = 0;
			knownRegions = (
				en,
				Base,
			);
			mainGroup = 3A0FC24A242BA98E0095223D;
			productRefGroup = 3A0FC254242BA98E0095223D /* Products */;
			projectDirPath = "";
			projectRoot = "";
			targets = (
				3A0FC252242BA98E0095223D /* RaceApp */,
			);
		};
/* End PBXProject section */

/* Begin PBXResourcesBuildPhase section */
		3A0FC251242BA98E0095223D /* Resources */ = {
			isa = PBXResourcesBuildPhase;
			buildActionMask = 2147483647;
			files = (
				3A0FC263242BA9960095223D /* LaunchScreen.storyboard in Resources */,
				3A49ED71243D078200BE4967 /* Assets.xcassets in Resources */,
				3A0FC25E242BA98E0095223D /* Main.storyboard in Resources */,
			);
			runOnlyForDeploymentPostprocessing = 0;
		};
/* End PBXResourcesBuildPhase section */

/* Begin PBXSourcesBuildPhase section */
		3A0FC24F242BA98E0095223D /* Sources */ = {
			isa = PBXSourcesBuildPhase;
			buildActionMask = 2147483647;
			files = (
				3A0FC26B242BAB390095223D /* GameViewController.swift in Sources */,
				3A0FC25B242BA98E0095223D /* ViewController.swift in Sources */,
				3A75F01F24604F7600DD16F5 /* CustomTableViewCell.swift in Sources */,
				3AC094072456F1F900F3A5A9 /* Record.swift in Sources */,
				3A0FC257242BA98E0095223D /* AppDelegate.swift in Sources */,
				3A0FC259242BA98E0095223D /* SceneDelegate.swift in Sources */,
				3A2A3DAD243E73D400BF9173 /* SettingsManager.swift in Sources */,
				3A75F0212460571200DD16F5 /* Extensions.swift in Sources */,
				3A2A3DAB243E735E00BF9173 /* Settings.swift in Sources */,
				3A0FC26D242BAB630095223D /* TableViewController.swift in Sources */,
				3AC094092456F20D00F3A5A9 /* RecordManager.swift in Sources */,
				3A0FC26F242BAB900095223D /* SettingsViewController.swift in Sources */,
			);
			runOnlyForDeploymentPostprocessing = 0;
		};
/* End PBXSourcesBuildPhase section */

/* Begin PBXVariantGroup section */
		3A0FC25C242BA98E0095223D /* Main.storyboard */ = {
			isa = PBXVariantGroup;
			children = (
				3A0FC25D242BA98E0095223D /* Base */,
			);
			name = Main.storyboard;
			sourceTree = "<group>";
		};
		3A0FC261242BA9960095223D /* LaunchScreen.storyboard */ = {
			isa = PBXVariantGroup;
			children = (
				3A0FC262242BA9960095223D /* Base */,
			);
			name = LaunchScreen.storyboard;
			sourceTree = "<group>";
		};
/* End PBXVariantGroup section */

/* Begin XCBuildConfiguration section */
		3A0FC265242BA9960095223D /* Debug */ = {
			isa = XCBuildConfiguration;
			buildSettings = {
				ALWAYS_SEARCH_USER_PATHS = NO;
				CLANG_ANALYZER_NONNULL = YES;
				CLANG_ANALYZER_NUMBER_OBJECT_CONVERSION = YES_AGGRESSIVE;
				CLANG_CXX_LANGUAGE_STANDARD = "gnu++14";
				CLANG_CXX_LIBRARY = "libc++";
				CLANG_ENABLE_MODULES = YES;
				CLANG_ENABLE_OBJC_ARC = YES;
				CLANG_ENABLE_OBJC_WEAK = YES;
				CLANG_WARN_BLOCK_CAPTURE_AUTORELEASING = YES;
				CLANG_WARN_BOOL_CONVERSION = YES;
				CLANG_WARN_COMMA = YES;
				CLANG_WARN_CONSTANT_CONVERSION = YES;
				CLANG_WARN_DEPRECATED_OBJC_IMPLEMENTATIONS = YES;
				CLANG_WARN_DIRECT_OBJC_ISA_USAGE = YES_ERROR;
				CLANG_WARN_DOCUMENTATION_COMMENTS = YES;
				CLANG_WARN_EMPTY_BODY = YES;
				CLANG_WARN_ENUM_CONVERSION = YES;
				CLANG_WARN_INFINITE_RECURSION = YES;
				CLANG_WARN_INT_CONVERSION = YES;
				CLANG_WARN_NON_LITERAL_NULL_CONVERSION = YES;
				CLANG_WARN_OBJC_IMPLICIT_RETAIN_SELF = YES;
				CLANG_WARN_OBJC_LITERAL_CONVERSION = YES;
				CLANG_WARN_OBJC_ROOT_CLASS = YES_ERROR;
				CLANG_WARN_RANGE_LOOP_ANALYSIS = YES;
				CLANG_WARN_STRICT_PROTOTYPES = YES;
				CLANG_WARN_SUSPICIOUS_MOVE = YES;
				CLANG_WARN_UNGUARDED_AVAILABILITY = YES_AGGRESSIVE;
				CLANG_WARN_UNREACHABLE_CODE = YES;
				CLANG_WARN__DUPLICATE_METHOD_MATCH = YES;
				COPY_PHASE_STRIP = NO;
				DEBUG_INFORMATION_FORMAT = dwarf;
				ENABLE_STRICT_OBJC_MSGSEND = YES;
				ENABLE_TESTABILITY = YES;
				GCC_C_LANGUAGE_STANDARD = gnu11;
				GCC_DYNAMIC_NO_PIC = NO;
				GCC_NO_COMMON_BLOCKS = YES;
				GCC_OPTIMIZATION_LEVEL = 0;
				GCC_PREPROCESSOR_DEFINITIONS = (
					"DEBUG=1",
					"$(inherited)",
				);
				GCC_WARN_64_TO_32_BIT_CONVERSION = YES;
				GCC_WARN_ABOUT_RETURN_TYPE = YES_ERROR;
				GCC_WARN_UNDECLARED_SELECTOR = YES;
				GCC_WARN_UNINITIALIZED_AUTOS = YES_AGGRESSIVE;
				GCC_WARN_UNUSED_FUNCTION = YES;
				GCC_WARN_UNUSED_VARIABLE = YES;
				IPHONEOS_DEPLOYMENT_TARGET = 13.2;
				MTL_ENABLE_DEBUG_INFO = INCLUDE_SOURCE;
				MTL_FAST_MATH = YES;
				ONLY_ACTIVE_ARCH = YES;
				SDKROOT = iphoneos;
				SWIFT_ACTIVE_COMPILATION_CONDITIONS = DEBUG;
				SWIFT_OPTIMIZATION_LEVEL = "-Onone";
			};
			name = Debug;
		};
		3A0FC266242BA9960095223D /* Release */ = {
			isa = XCBuildConfiguration;
			buildSettings = {
				ALWAYS_SEARCH_USER_PATHS = NO;
				CLANG_ANALYZER_NONNULL = YES;
				CLANG_ANALYZER_NUMBER_OBJECT_CONVERSION = YES_AGGRESSIVE;
				CLANG_CXX_LANGUAGE_STANDARD = "gnu++14";
				CLANG_CXX_LIBRARY = "libc++";
				CLANG_ENABLE_MODULES = YES;
				CLANG_ENABLE_OBJC_ARC = YES;
				CLANG_ENABLE_OBJC_WEAK = YES;
				CLANG_WARN_BLOCK_CAPTURE_AUTORELEASING = YES;
				CLANG_WARN_BOOL_CONVERSION = YES;
				CLANG_WARN_COMMA = YES;
				CLANG_WARN_CONSTANT_CONVERSION = YES;
				CLANG_WARN_DEPRECATED_OBJC_IMPLEMENTATIONS = YES;
				CLANG_WARN_DIRECT_OBJC_ISA_USAGE = YES_ERROR;
				CLANG_WARN_DOCUMENTATION_COMMENTS = YES;
				CLANG_WARN_EMPTY_BODY = YES;
				CLANG_WARN_ENUM_CONVERSION = YES;
				CLANG_WARN_INFINITE_RECURSION = YES;
				CLANG_WARN_INT_CONVERSION = YES;
				CLANG_WARN_NON_LITERAL_NULL_CONVERSION = YES;
				CLANG_WARN_OBJC_IMPLICIT_RETAIN_SELF = YES;
				CLANG_WARN_OBJC_LITERAL_CONVERSION = YES;
				CLANG_WARN_OBJC_ROOT_CLASS = YES_ERROR;
				CLANG_WARN_RANGE_LOOP_ANALYSIS = YES;
				CLANG_WARN_STRICT_PROTOTYPES = YES;
				CLANG_WARN_SUSPICIOUS_MOVE = YES;
				CLANG_WARN_UNGUARDED_AVAILABILITY = YES_AGGRESSIVE;
				CLANG_WARN_UNREACHABLE_CODE = YES;
				CLANG_WARN__DUPLICATE_METHOD_MATCH = YES;
				COPY_PHASE_STRIP = NO;
				DEBUG_INFORMATION_FORMAT = "dwarf-with-dsym";
				ENABLE_NS_ASSERTIONS = NO;
				ENABLE_STRICT_OBJC_MSGSEND = YES;
				GCC_C_LANGUAGE_STANDARD = gnu11;
				GCC_NO_COMMON_BLOCKS = YES;
				GCC_WARN_64_TO_32_BIT_CONVERSION = YES;
				GCC_WARN_ABOUT_RETURN_TYPE = YES_ERROR;
				GCC_WARN_UNDECLARED_SELECTOR = YES;
				GCC_WARN_UNINITIALIZED_AUTOS = YES_AGGRESSIVE;
				GCC_WARN_UNUSED_FUNCTION = YES;
				GCC_WARN_UNUSED_VARIABLE = YES;
				IPHONEOS_DEPLOYMENT_TARGET = 13.2;
				MTL_ENABLE_DEBUG_INFO = NO;
				MTL_FAST_MATH = YES;
				SDKROOT = iphoneos;
				SWIFT_COMPILATION_MODE = wholemodule;
				SWIFT_OPTIMIZATION_LEVEL = "-O";
				VALIDATE_PRODUCT = YES;
			};
			name = Release;
		};
		3A0FC268242BA9960095223D /* Debug */ = {
			isa = XCBuildConfiguration;
			buildSettings = {
				ASSETCATALOG_COMPILER_APPICON_NAME = AppIcon;
				CODE_SIGN_STYLE = Automatic;
				DEVELOPMENT_TEAM = BTTP5DQFK3;
				INFOPLIST_FILE = RaceApp/Info.plist;
				LD_RUNPATH_SEARCH_PATHS = (
					"$(inherited)",
					"@executable_path/Frameworks",
				);
				PRODUCT_BUNDLE_IDENTIFIER = com.RaceApp;
				PRODUCT_NAME = "$(TARGET_NAME)";
				SWIFT_VERSION = 5.0;
				TARGETED_DEVICE_FAMILY = "1,2";
			};
			name = Debug;
		};
		3A0FC269242BA9960095223D /* Release */ = {
			isa = XCBuildConfiguration;
			buildSettings = {
				ASSETCATALOG_COMPILER_APPICON_NAME = AppIcon;
				CODE_SIGN_STYLE = Automatic;
				DEVELOPMENT_TEAM = BTTP5DQFK3;
				INFOPLIST_FILE = RaceApp/Info.plist;
				LD_RUNPATH_SEARCH_PATHS = (
					"$(inherited)",
					"@executable_path/Frameworks",
				);
				PRODUCT_BUNDLE_IDENTIFIER = com.RaceApp;
				PRODUCT_NAME = "$(TARGET_NAME)";
				SWIFT_VERSION = 5.0;
				TARGETED_DEVICE_FAMILY = "1,2";
			};
			name = Release;
		};
/* End XCBuildConfiguration section */

/* Begin XCConfigurationList section */
		3A0FC24E242BA98E0095223D /* Build configuration list for PBXProject "RaceApp" */ = {
			isa = XCConfigurationList;
			buildConfigurations = (
				3A0FC265242BA9960095223D /* Debug */,
				3A0FC266242BA9960095223D /* Release */,
			);
			defaultConfigurationIsVisible = 0;
			defaultConfigurationName = Release;
		};
		3A0FC267242BA9960095223D /* Build configuration list for PBXNativeTarget "RaceApp" */ = {
			isa = XCConfigurationList;
			buildConfigurations = (
				3A0FC268242BA9960095223D /* Debug */,
				3A0FC269242BA9960095223D /* Release */,
			);
			defaultConfigurationIsVisible = 0;
			defaultConfigurationName = Release;
		};
/* End XCConfigurationList section */
	};
	rootObject = 3A0FC24B242BA98E0095223D /* Project object */;
}
